
Microsoft Visual Studio Solution File, Format Version 12.00
# Visual Studio Version 17
VisualStudioVersion = 17.7.34003.232
MinimumVisualStudioVersion = 10.0.40219.1
Project("{FAE04EC0-301F-11D3-BF4B-00C04F79EFBC}") = "Employee", "Employee\Employee.csproj", "{EE57C0D8-2F7C-494C-8459-28E700FDE444}"
EndProject
Project("{FAE04EC0-301F-11D3-BF4B-00C04F79EFBC}") = "Employee.Tests", "Employee.Tests\Employee.Tests.csproj", "{9176E0C3-7178-4A06-A5C2-F6C3AC9EAAFF}"
EndProject
Project("{FAE04EC0-301F-11D3-BF4B-00C04F79EFBC}") = "EmployeeDB", "EmployeeDB\EmployeeDB.csproj", "{B8388F2E-CFB7-4C6F-8E92-DF2064071BEC}"
EndProject
Global
	GlobalSection(SolutionConfigurationPlatforms) = preSolution
		Debug|Any CPU = Debug|Any CPU
		Release|Any CPU = Release|Any CPU
	EndGlobalSection
	GlobalSection(ProjectConfigurationPlatforms) = postSolution
		{EE57C0D8-2F7C-494C-8459-28E700FDE444}.Debug|Any CPU.ActiveCfg = Debug|Any CPU
		{EE57C0D8-2F7C-494C-8459-28E700FDE444}.Debug|Any CPU.Build.0 = Debug|Any CPU
		{EE57C0D8-2F7C-494C-8459-28E700FDE444}.Release|Any CPU.ActiveCfg = Release|Any CPU
		{EE57C0D8-2F7C-494C-8459-28E700FDE444}.Release|Any CPU.Build.0 = Release|Any CPU
		{9176E0C3-7178-4A06-A5C2-F6C3AC9EAAFF}.Debug|Any CPU.ActiveCfg = Debug|Any CPU
		{9176E0C3-7178-4A06-A5C2-F6C3AC9EAAFF}.Debug|Any CPU.Build.0 = Debug|Any CPU
		{9176E0C3-7178-4A06-A5C2-F6C3AC9EAAFF}.Release|Any CPU.ActiveCfg = Release|Any CPU
		{9176E0C3-7178-4A06-A5C2-F6C3AC9EAAFF}.Release|Any CPU.Build.0 = Release|Any CPU
		{B8388F2E-CFB7-4C6F-8E92-DF2064071BEC}.Debug|Any CPU.ActiveCfg = Debug|Any CPU
		{B8388F2E-CFB7-4C6F-8E92-DF2064071BEC}.Debug|Any CPU.Build.0 = Debug|Any CPU
		{B8388F2E-CFB7-4C6F-8E92-DF2064071BEC}.Release|Any CPU.ActiveCfg = Release|Any CPU
		{B8388F2E-CFB7-4C6F-8E92-DF2064071BEC}.Release|Any CPU.Build.0 = Release|Any CPU
	EndGlobalSection
	GlobalSection(SolutionProperties) = preSolution
		HideSolutionNode = FALSE
	EndGlobalSection
	GlobalSection(ExtensibilityGlobals) = postSolution
		SolutionGuid = {1F0C0416-5932-4822-8F48-E36B27957082}
	EndGlobalSection
EndGlobal
